
Microsoft Visual Studio Solution File, Format Version 12.00
Project("{2150E333-8FDC-42A3-9474-1A3956D46DE8}") = "src", "src", "{2DC7C02B-CD9E-47FA-8E51-0772652ABB1C}"
EndProject
Project("{2150E333-8FDC-42A3-9474-1A3956D46DE8}") = "tests", "tests", "{C15FE114-D75C-4CAF-BA15-191FDD5A8A85}"
EndProject
Project("{FAE04EC0-301F-11D3-BF4B-00C04F79EFBC}") = "WebCrawler.Core", "WebCrawler.Core\WebCrawler.Core.csproj", "{21A0FCAD-21BE-431E-9EE8-93E1AE57E286}"
EndProject
Project("{2150E333-8FDC-42A3-9474-1A3956D46DE8}") = "assets", "assets", "{9E2DAB84-E1E3-4BB5-8B2E-114DA85E5BF1}"
EndProject
Project("{FAE04EC0-301F-11D3-BF4B-00C04F79EFBC}") = "WebCrawler.Infrastructure", "WebCrawler.Infrastructure\WebCrawler.Infrastructure.csproj", "{8BA3220A-9B27-42FD-9BD4-1C01177F2F42}"
EndProject
Project("{FAE04EC0-301F-11D3-BF4B-00C04F79EFBC}") = "WebCrawler.Presentation", "WebCrawler.Presentation\WebCrawler.Presentation.csproj", "{B38B6E72-3CF9-4103-82FE-09A309E5A31C}"
EndProject
Project("{FAE04EC0-301F-11D3-BF4B-00C04F79EFBC}") = "WebCrawler.UnitTests", "WebCrawler.UnitTests\WebCrawler.UnitTests.csproj", "{9FA996EA-7E1E-41AE-AE60-726BCAB139A1}"
EndProject
Project("{2150E333-8FDC-42A3-9474-1A3956D46DE8}") = "database", "database", "{08FB48A9-0431-4E5C-B4D9-247A1CC13CB3}"
EndProject
Global
	GlobalSection(SolutionConfigurationPlatforms) = preSolution
		Debug|Any CPU = Debug|Any CPU
		Release|Any CPU = Release|Any CPU
	EndGlobalSection
	GlobalSection(NestedProjects) = preSolution
		{21A0FCAD-21BE-431E-9EE8-93E1AE57E286} = {2DC7C02B-CD9E-47FA-8E51-0772652ABB1C}
		{8BA3220A-9B27-42FD-9BD4-1C01177F2F42} = {2DC7C02B-CD9E-47FA-8E51-0772652ABB1C}
		{B38B6E72-3CF9-4103-82FE-09A309E5A31C} = {2DC7C02B-CD9E-47FA-8E51-0772652ABB1C}
		{9FA996EA-7E1E-41AE-AE60-726BCAB139A1} = {C15FE114-D75C-4CAF-BA15-191FDD5A8A85}
		{08FB48A9-0431-4E5C-B4D9-247A1CC13CB3} = {9E2DAB84-E1E3-4BB5-8B2E-114DA85E5BF1}
	EndGlobalSection
	GlobalSection(ProjectConfigurationPlatforms) = postSolution
		{21A0FCAD-21BE-431E-9EE8-93E1AE57E286}.Debug|Any CPU.ActiveCfg = Debug|Any CPU
		{21A0FCAD-21BE-431E-9EE8-93E1AE57E286}.Debug|Any CPU.Build.0 = Debug|Any CPU
		{21A0FCAD-21BE-431E-9EE8-93E1AE57E286}.Release|Any CPU.ActiveCfg = Release|Any CPU
		{21A0FCAD-21BE-431E-9EE8-93E1AE57E286}.Release|Any CPU.Build.0 = Release|Any CPU
		{8BA3220A-9B27-42FD-9BD4-1C01177F2F42}.Debug|Any CPU.ActiveCfg = Debug|Any CPU
		{8BA3220A-9B27-42FD-9BD4-1C01177F2F42}.Debug|Any CPU.Build.0 = Debug|Any CPU
		{8BA3220A-9B27-42FD-9BD4-1C01177F2F42}.Release|Any CPU.ActiveCfg = Release|Any CPU
		{8BA3220A-9B27-42FD-9BD4-1C01177F2F42}.Release|Any CPU.Build.0 = Release|Any CPU
		{B38B6E72-3CF9-4103-82FE-09A309E5A31C}.Debug|Any CPU.ActiveCfg = Debug|Any CPU
		{B38B6E72-3CF9-4103-82FE-09A309E5A31C}.Debug|Any CPU.Build.0 = Debug|Any CPU
		{B38B6E72-3CF9-4103-82FE-09A309E5A31C}.Release|Any CPU.ActiveCfg = Release|Any CPU
		{B38B6E72-3CF9-4103-82FE-09A309E5A31C}.Release|Any CPU.Build.0 = Release|Any CPU
		{9FA996EA-7E1E-41AE-AE60-726BCAB139A1}.Debug|Any CPU.ActiveCfg = Debug|Any CPU
		{9FA996EA-7E1E-41AE-AE60-726BCAB139A1}.Debug|Any CPU.Build.0 = Debug|Any CPU
		{9FA996EA-7E1E-41AE-AE60-726BCAB139A1}.Release|Any CPU.ActiveCfg = Release|Any CPU
		{9FA996EA-7E1E-41AE-AE60-726BCAB139A1}.Release|Any CPU.Build.0 = Release|Any CPU
	EndGlobalSection
EndGlobal
